
Microsoft Visual Studio Solution File, Format Version 12.00
# Visual Studio Version 16
VisualStudioVersion = 16.0.30621.155
MinimumVisualStudioVersion = 10.0.40219.1
Project("{FAE04EC0-301F-11D3-BF4B-00C04F79EFBC}") = "WpfApp5", "WpfApp5\WpfApp5.csproj", "{33EB73C5-A2EB-4D0F-AF8F-4AC8AFDA225E}"
EndProject
Global
	GlobalSection(SolutionConfigurationPlatforms) = preSolution
		Debug|Any CPU = Debug|Any CPU
		Release|Any CPU = Release|Any CPU
	EndGlobalSection
	GlobalSection(ProjectConfigurationPlatforms) = postSolution
		{33EB73C5-A2EB-4D0F-AF8F-4AC8AFDA225E}.Debug|Any CPU.ActiveCfg = Debug|Any CPU
		{33EB73C5-A2EB-4D0F-AF8F-4AC8AFDA225E}.Debug|Any CPU.Build.0 = Debug|Any CPU
		{33EB73C5-A2EB-4D0F-AF8F-4AC8AFDA225E}.Release|Any CPU.ActiveCfg = Release|Any CPU
		{33EB73C5-A2EB-4D0F-AF8F-4AC8AFDA225E}.Release|Any CPU.Build.0 = Release|Any CPU
	EndGlobalSection
	GlobalSection(SolutionProperties) = preSolution
		HideSolutionNode = FALSE
	EndGlobalSection
	GlobalSection(ExtensibilityGlobals) = postSolution
		SolutionGuid = {B9C992C5-83F9-4EF0-A80B-593806E372BB}
	EndGlobalSection
EndGlobal
